
Microsoft Visual Studio Solution File, Format Version 12.00
# Visual Studio 15
VisualStudioVersion = 15.0.26730.10
MinimumVisualStudioVersion = 10.0.40219.1
Project("{9A19103F-16F7-4668-BE54-9A1E7A4F7556}") = "Tvol.Data", "Tvol.Data\Tvol.Data.csproj", "{F12DDCEF-1947-4756-8476-7AF598EDB49A}"
EndProject
Project("{9A19103F-16F7-4668-BE54-9A1E7A4F7556}") = "Tvol.Data.Test", "Tvol.Data.Test\Tvol.Data.Test.csproj", "{0C9F65C3-B87A-424F-875C-35A96D6D9DA0}"
EndProject
Project("{FAE04EC0-301F-11D3-BF4B-00C04F79EFBC}") = "Tvol.Data.Test.Droid", "Tvol.Data.Test.Droid\Tvol.Data.Test.Droid.csproj", "{9B103440-4B93-477E-B189-A0ADED5FCE2C}"
EndProject
Global
	GlobalSection(SolutionConfigurationPlatforms) = preSolution
		Debug|Any CPU = Debug|Any CPU
		Release|Any CPU = Release|Any CPU
	EndGlobalSection
	GlobalSection(ProjectConfigurationPlatforms) = postSolution
		{F12DDCEF-1947-4756-8476-7AF598EDB49A}.Debug|Any CPU.ActiveCfg = Debug|Any CPU
		{F12DDCEF-1947-4756-8476-7AF598EDB49A}.Debug|Any CPU.Build.0 = Debug|Any CPU
		{F12DDCEF-1947-4756-8476-7AF598EDB49A}.Release|Any CPU.ActiveCfg = Release|Any CPU
		{F12DDCEF-1947-4756-8476-7AF598EDB49A}.Release|Any CPU.Build.0 = Release|Any CPU
		{0C9F65C3-B87A-424F-875C-35A96D6D9DA0}.Debug|Any CPU.ActiveCfg = Debug|Any CPU
		{0C9F65C3-B87A-424F-875C-35A96D6D9DA0}.Debug|Any CPU.Build.0 = Debug|Any CPU
		{0C9F65C3-B87A-424F-875C-35A96D6D9DA0}.Release|Any CPU.ActiveCfg = Release|Any CPU
		{0C9F65C3-B87A-424F-875C-35A96D6D9DA0}.Release|Any CPU.Build.0 = Release|Any CPU
		{9B103440-4B93-477E-B189-A0ADED5FCE2C}.Debug|Any CPU.ActiveCfg = Debug|Any CPU
		{9B103440-4B93-477E-B189-A0ADED5FCE2C}.Debug|Any CPU.Build.0 = Debug|Any CPU
		{9B103440-4B93-477E-B189-A0ADED5FCE2C}.Debug|Any CPU.Deploy.0 = Debug|Any CPU
		{9B103440-4B93-477E-B189-A0ADED5FCE2C}.Release|Any CPU.ActiveCfg = Release|Any CPU
		{9B103440-4B93-477E-B189-A0ADED5FCE2C}.Release|Any CPU.Build.0 = Release|Any CPU
		{9B103440-4B93-477E-B189-A0ADED5FCE2C}.Release|Any CPU.Deploy.0 = Release|Any CPU
	EndGlobalSection
	GlobalSection(SolutionProperties) = preSolution
		HideSolutionNode = FALSE
	EndGlobalSection
	GlobalSection(ExtensibilityGlobals) = postSolution
		SolutionGuid = {EFB0D21B-2B4C-410A-B72C-5F0A6184AA7A}
	EndGlobalSection
EndGlobal
